
Microsoft Visual Studio Solution File, Format Version 12.00
# Visual Studio Version 17
VisualStudioVersion = 17.12.35527.113
MinimumVisualStudioVersion = 10.0.40219.1
Project("{2150E333-8FDC-42A3-9474-1A3956D46DE8}") = "src", "src", "{4B16CFE5-4C68-4162-AE50-75958BDEB7E8}"
EndProject
Project("{2150E333-8FDC-42A3-9474-1A3956D46DE8}") = "core", "core", "{C01A706D-0F76-419D-B774-B92D34E32B1D}"
EndProject
Project("{FAE04EC0-301F-11D3-BF4B-00C04F79EFBC}") = "Core.Application", "src\core\Core.Application\Core.Application.csproj", "{303DA0C0-FE21-405D-93B1-C854B874F184}"
EndProject
Project("{FAE04EC0-301F-11D3-BF4B-00C04F79EFBC}") = "Core.Persistence", "src\core\Core.Persistence\Core.Persistence.csproj", "{018C1094-BFB3-46D5-93C2-3FE680D5379A}"
EndProject
Project("{FAE04EC0-301F-11D3-BF4B-00C04F79EFBC}") = "Core.Security", "src\core\Core.Security\Core.Security.csproj", "{33917E33-3608-4C89-8884-BD914FE04BEA}"
EndProject
Project("{FAE04EC0-301F-11D3-BF4B-00C04F79EFBC}") = "Core.CrossCuttingConcerns", "src\core\Core.CrossCuttingConcerns\Core.CrossCuttingConcerns.csproj", "{84FA903F-DA73-4C10-89E4-1980579C8BA3}"
EndProject
Project("{2150E333-8FDC-42A3-9474-1A3956D46DE8}") = "projects", "projects", "{EAB712B2-FBDA-4849-84BA-B44E6EA44825}"
EndProject
Project("{FAE04EC0-301F-11D3-BF4B-00C04F79EFBC}") = "ECommerce.Domain", "src\projects\ECommerce.Domain\ECommerce.Domain.csproj", "{E560FA5A-9759-49BC-881F-2FEEDEE8B557}"
EndProject
Project("{FAE04EC0-301F-11D3-BF4B-00C04F79EFBC}") = "ECommerce.Persistence", "src\projects\ECommerce.Persistence\ECommerce.Persistence.csproj", "{B2D01522-1D4E-4F82-97B2-BCD1E990DD64}"
EndProject
Project("{FAE04EC0-301F-11D3-BF4B-00C04F79EFBC}") = "ECommerce.Application", "src\projects\ECommerce.Application\ECommerce.Application.csproj", "{FEF29B28-A8AB-4BF0-9DF7-779AF4B09420}"
EndProject
Project("{FAE04EC0-301F-11D3-BF4B-00C04F79EFBC}") = "ECommerce.WebAPI", "src\projects\ECommerce.WebAPI\ECommerce.WebAPI.csproj", "{55D8643E-A747-4446-AF16-E391CFFC97D0}"
EndProject
Project("{FAE04EC0-301F-11D3-BF4B-00C04F79EFBC}") = "ECommerce.Infrastructure", "src\projects\ECommerce.Infrastructure\ECommerce.Infrastructure.csproj", "{24985092-7AC6-4CD9-B93A-955CFA3492CB}"
EndProject
Project("{E53339B2-1760-4266-BCC7-CA923CBCF16C}") = "docker-compose", "docker-compose.dcproj", "{2F32EC05-433C-4244-AA54-5313E7363A95}"
EndProject
Project("{FAE04EC0-301F-11D3-BF4B-00C04F79EFBC}") = "Core.ElasticSearch", "src\core\Core.ElasticSearch\Core.ElasticSearch.csproj", "{7265C19F-F7C0-4CE1-919A-6C315A6623F8}"
EndProject
Global
	GlobalSection(SolutionConfigurationPlatforms) = preSolution
		Debug|Any CPU = Debug|Any CPU
		Release|Any CPU = Release|Any CPU
	EndGlobalSection
	GlobalSection(ProjectConfigurationPlatforms) = postSolution
		{303DA0C0-FE21-405D-93B1-C854B874F184}.Debug|Any CPU.ActiveCfg = Debug|Any CPU
		{303DA0C0-FE21-405D-93B1-C854B874F184}.Debug|Any CPU.Build.0 = Debug|Any CPU
		{303DA0C0-FE21-405D-93B1-C854B874F184}.Release|Any CPU.ActiveCfg = Release|Any CPU
		{303DA0C0-FE21-405D-93B1-C854B874F184}.Release|Any CPU.Build.0 = Release|Any CPU
		{018C1094-BFB3-46D5-93C2-3FE680D5379A}.Debug|Any CPU.ActiveCfg = Debug|Any CPU
		{018C1094-BFB3-46D5-93C2-3FE680D5379A}.Debug|Any CPU.Build.0 = Debug|Any CPU
		{018C1094-BFB3-46D5-93C2-3FE680D5379A}.Release|Any CPU.ActiveCfg = Release|Any CPU
		{018C1094-BFB3-46D5-93C2-3FE680D5379A}.Release|Any CPU.Build.0 = Release|Any CPU
		{33917E33-3608-4C89-8884-BD914FE04BEA}.Debug|Any CPU.ActiveCfg = Debug|Any CPU
		{33917E33-3608-4C89-8884-BD914FE04BEA}.Debug|Any CPU.Build.0 = Debug|Any CPU
		{33917E33-3608-4C89-8884-BD914FE04BEA}.Release|Any CPU.ActiveCfg = Release|Any CPU
		{33917E33-3608-4C89-8884-BD914FE04BEA}.Release|Any CPU.Build.0 = Release|Any CPU
		{84FA903F-DA73-4C10-89E4-1980579C8BA3}.Debug|Any CPU.ActiveCfg = Debug|Any CPU
		{84FA903F-DA73-4C10-89E4-1980579C8BA3}.Debug|Any CPU.Build.0 = Debug|Any CPU
		{84FA903F-DA73-4C10-89E4-1980579C8BA3}.Release|Any CPU.ActiveCfg = Release|Any CPU
		{84FA903F-DA73-4C10-89E4-1980579C8BA3}.Release|Any CPU.Build.0 = Release|Any CPU
		{E560FA5A-9759-49BC-881F-2FEEDEE8B557}.Debug|Any CPU.ActiveCfg = Debug|Any CPU
		{E560FA5A-9759-49BC-881F-2FEEDEE8B557}.Debug|Any CPU.Build.0 = Debug|Any CPU
		{E560FA5A-9759-49BC-881F-2FEEDEE8B557}.Release|Any CPU.ActiveCfg = Release|Any CPU
		{E560FA5A-9759-49BC-881F-2FEEDEE8B557}.Release|Any CPU.Build.0 = Release|Any CPU
		{B2D01522-1D4E-4F82-97B2-BCD1E990DD64}.Debug|Any CPU.ActiveCfg = Debug|Any CPU
		{B2D01522-1D4E-4F82-97B2-BCD1E990DD64}.Debug|Any CPU.Build.0 = Debug|Any CPU
		{B2D01522-1D4E-4F82-97B2-BCD1E990DD64}.Release|Any CPU.ActiveCfg = Release|Any CPU
		{B2D01522-1D4E-4F82-97B2-BCD1E990DD64}.Release|Any CPU.Build.0 = Release|Any CPU
		{FEF29B28-A8AB-4BF0-9DF7-779AF4B09420}.Debug|Any CPU.ActiveCfg = Debug|Any CPU
		{FEF29B28-A8AB-4BF0-9DF7-779AF4B09420}.Debug|Any CPU.Build.0 = Debug|Any CPU
		{FEF29B28-A8AB-4BF0-9DF7-779AF4B09420}.Release|Any CPU.ActiveCfg = Release|Any CPU
		{FEF29B28-A8AB-4BF0-9DF7-779AF4B09420}.Release|Any CPU.Build.0 = Release|Any CPU
		{55D8643E-A747-4446-AF16-E391CFFC97D0}.Debug|Any CPU.ActiveCfg = Debug|Any CPU
		{55D8643E-A747-4446-AF16-E391CFFC97D0}.Debug|Any CPU.Build.0 = Debug|Any CPU
		{55D8643E-A747-4446-AF16-E391CFFC97D0}.Release|Any CPU.ActiveCfg = Release|Any CPU
		{55D8643E-A747-4446-AF16-E391CFFC97D0}.Release|Any CPU.Build.0 = Release|Any CPU
		{24985092-7AC6-4CD9-B93A-955CFA3492CB}.Debug|Any CPU.ActiveCfg = Debug|Any CPU
		{24985092-7AC6-4CD9-B93A-955CFA3492CB}.Debug|Any CPU.Build.0 = Debug|Any CPU
		{24985092-7AC6-4CD9-B93A-955CFA3492CB}.Release|Any CPU.ActiveCfg = Release|Any CPU
		{24985092-7AC6-4CD9-B93A-955CFA3492CB}.Release|Any CPU.Build.0 = Release|Any CPU
		{2F32EC05-433C-4244-AA54-5313E7363A95}.Debug|Any CPU.ActiveCfg = Debug|Any CPU
		{2F32EC05-433C-4244-AA54-5313E7363A95}.Debug|Any CPU.Build.0 = Debug|Any CPU
		{2F32EC05-433C-4244-AA54-5313E7363A95}.Release|Any CPU.ActiveCfg = Release|Any CPU
		{2F32EC05-433C-4244-AA54-5313E7363A95}.Release|Any CPU.Build.0 = Release|Any CPU
		{7265C19F-F7C0-4CE1-919A-6C315A6623F8}.Debug|Any CPU.ActiveCfg = Debug|Any CPU
		{7265C19F-F7C0-4CE1-919A-6C315A6623F8}.Debug|Any CPU.Build.0 = Debug|Any CPU
		{7265C19F-F7C0-4CE1-919A-6C315A6623F8}.Release|Any CPU.ActiveCfg = Release|Any CPU
		{7265C19F-F7C0-4CE1-919A-6C315A6623F8}.Release|Any CPU.Build.0 = Release|Any CPU
	EndGlobalSection
	GlobalSection(SolutionProperties) = preSolution
		HideSolutionNode = FALSE
	EndGlobalSection
	GlobalSection(NestedProjects) = preSolution
		{C01A706D-0F76-419D-B774-B92D34E32B1D} = {4B16CFE5-4C68-4162-AE50-75958BDEB7E8}
		{303DA0C0-FE21-405D-93B1-C854B874F184} = {C01A706D-0F76-419D-B774-B92D34E32B1D}
		{018C1094-BFB3-46D5-93C2-3FE680D5379A} = {C01A706D-0F76-419D-B774-B92D34E32B1D}
		{33917E33-3608-4C89-8884-BD914FE04BEA} = {C01A706D-0F76-419D-B774-B92D34E32B1D}
		{84FA903F-DA73-4C10-89E4-1980579C8BA3} = {C01A706D-0F76-419D-B774-B92D34E32B1D}
		{EAB712B2-FBDA-4849-84BA-B44E6EA44825} = {4B16CFE5-4C68-4162-AE50-75958BDEB7E8}
		{E560FA5A-9759-49BC-881F-2FEEDEE8B557} = {EAB712B2-FBDA-4849-84BA-B44E6EA44825}
		{B2D01522-1D4E-4F82-97B2-BCD1E990DD64} = {EAB712B2-FBDA-4849-84BA-B44E6EA44825}
		{FEF29B28-A8AB-4BF0-9DF7-779AF4B09420} = {EAB712B2-FBDA-4849-84BA-B44E6EA44825}
		{55D8643E-A747-4446-AF16-E391CFFC97D0} = {EAB712B2-FBDA-4849-84BA-B44E6EA44825}
		{24985092-7AC6-4CD9-B93A-955CFA3492CB} = {EAB712B2-FBDA-4849-84BA-B44E6EA44825}
		{7265C19F-F7C0-4CE1-919A-6C315A6623F8} = {C01A706D-0F76-419D-B774-B92D34E32B1D}
	EndGlobalSection
EndGlobal
